{
  "nodes": {
    "advisory-db": {
      "flake": false,
      "locked": {
        "lastModified": 1680778653,
        "narHash": "sha256-01Mew6la/Guca2a+gTVN11Uu+NNZCi39xvB+v38T49U=",
        "owner": "rustsec",
        "repo": "advisory-db",
        "rev": "6078097fb6a241b55fb1c80f60d54b02a3929225",
        "type": "github"
      },
      "original": {
        "owner": "rustsec",
        "repo": "advisory-db",
        "type": "github"
      }
    },
    "ananke": {
      "flake": false,
      "locked": {
        "lastModified": 1663736855,
        "narHash": "sha256-dbYY0C8U2SzBFgllyuxa6f42GdbABL+c6iwz6wjvSjw=",
        "owner": "FlakM",
        "repo": "gohugo-theme-ananke",
        "rev": "49caa64d7ce80e8d6d1d4e7385ab23f575af4171",
        "type": "github"
      },
      "original": {
        "owner": "FlakM",
        "repo": "gohugo-theme-ananke",
        "type": "github"
      }
    },
    "backend": {
      "inputs": {
        "advisory-db": "advisory-db",
        "blog-static": "blog-static",
        "crane": "crane",
        "fenix": "fenix",
        "flake-utils": "flake-utils_3",
        "nixpkgs": [
          "nixpkgs"
        ]
      },
      "locked": {
        "lastModified": 1681414619,
        "narHash": "sha256-etMsOlh12cs5qAQnb936Kl0acJJMhzJlTx3nhMeEVEY=",
        "owner": "FlakM",
        "repo": "backend",
        "rev": "01d5c427b046d807f23381832b60cac9717542a0",
        "type": "github"
      },
      "original": {
        "owner": "FlakM",
        "repo": "backend",
        "rev": "01d5c427b046d807f23381832b60cac9717542a0",
        "type": "github"
      }
    },
    "blog-static": {
      "inputs": {
        "ananke": "ananke",
        "flake-utils": "flake-utils",
        "nixpkgs": "nixpkgs"
      },
      "locked": {
        "lastModified": 1681334590,
        "narHash": "sha256-s5WvtN/s1Xf80MUtyeh5sz1fwnqBcGXT6ZgfKTPhuKI=",
        "owner": "flakm",
        "repo": "blog",
        "rev": "198dbbb13e8b4aee8746f884ba21634924906c17",
        "type": "github"
      },
      "original": {
        "owner": "flakm",
        "repo": "blog",
        "rev": "198dbbb13e8b4aee8746f884ba21634924906c17",
        "type": "github"
      }
    },
    "crane": {
      "inputs": {
        "flake-compat": "flake-compat",
        "flake-utils": "flake-utils_2",
        "nixpkgs": [
          "backend",
          "nixpkgs"
        ],
        "rust-overlay": "rust-overlay"
      },
      "locked": {
        "lastModified": 1680584903,
        "narHash": "sha256-uraq+D3jcLzw/UVk0xMHcnfILfIMa0DLrtAEq2nNlxU=",
        "owner": "ipetkov",
        "repo": "crane",
        "rev": "65d3f6a3970cd46bef5eedfd458300f72c56b3c5",
        "type": "github"
      },
      "original": {
        "owner": "ipetkov",
        "repo": "crane",
        "type": "github"
      }
    },
    "fenix": {
      "inputs": {
        "nixpkgs": [
          "backend",
          "nixpkgs"
        ],
        "rust-analyzer-src": [
          "backend"
        ]
      },
      "locked": {
        "lastModified": 1680762089,
        "narHash": "sha256-62lgi+xb+nn9H4O+ZIYNkHeQ8ryzstALKMJuoXiot0I=",
        "owner": "nix-community",
        "repo": "fenix",
        "rev": "5794e58068fb6a8eccad9e4ff77ffe1c08ded13c",
        "type": "github"
      },
      "original": {
        "owner": "nix-community",
        "repo": "fenix",
        "type": "github"
      }
    },
    "flake-compat": {
      "flake": false,
      "locked": {
        "lastModified": 1673956053,
        "narHash": "sha256-4gtG9iQuiKITOjNQQeQIpoIB6b16fm+504Ch3sNKLd8=",
        "owner": "edolstra",
        "repo": "flake-compat",
        "rev": "35bb57c0c8d8b62bbfd284272c928ceb64ddbde9",
        "type": "github"
      },
      "original": {
        "owner": "edolstra",
        "repo": "flake-compat",
        "type": "github"
      }
    },
    "flake-utils": {
      "inputs": {
        "systems": "systems"
      },
      "locked": {
        "lastModified": 1681037374,
        "narHash": "sha256-XL6X3VGbEFJZDUouv2xpKg2Aljzu/etPLv5e1FPt1q0=",
        "owner": "numtide",
        "repo": "flake-utils",
        "rev": "033b9f258ca96a10e543d4442071f614dc3f8412",
        "type": "github"
      },
      "original": {
        "owner": "numtide",
        "repo": "flake-utils",
        "type": "github"
      }
    },
    "flake-utils_2": {
      "locked": {
        "lastModified": 1678901627,
        "narHash": "sha256-U02riOqrKKzwjsxc/400XnElV+UtPUQWpANPlyazjH0=",
        "owner": "numtide",
        "repo": "flake-utils",
        "rev": "93a2b84fc4b70d9e089d029deacc3583435c2ed6",
        "type": "github"
      },
      "original": {
        "owner": "numtide",
        "repo": "flake-utils",
        "type": "github"
      }
    },
    "flake-utils_3": {
      "locked": {
        "lastModified": 1680776469,
        "narHash": "sha256-3CXUDK/3q/kieWtdsYpDOBJw3Gw4Af6x+2EiSnIkNQw=",
        "owner": "numtide",
        "repo": "flake-utils",
        "rev": "411e8764155aa9354dbcd6d5faaeb97e9e3dce24",
        "type": "github"
      },
      "original": {
        "owner": "numtide",
        "repo": "flake-utils",
        "type": "github"
      }
    },
    "flake-utils_4": {
      "locked": {
        "lastModified": 1680946745,
        "narHash": "sha256-KqGlwg9UTDsFBZZB8wzXgMnc8XQm95LtSbFvBsnqkPI=",
        "owner": "numtide",
        "repo": "flake-utils",
        "rev": "946da791763db1c306b86a8bd3828bf5814a1247",
        "type": "github"
      },
      "original": {
        "id": "flake-utils",
        "type": "indirect"
      }
    },
    "nixpkgs": {
      "locked": {
        "lastModified": 1681036984,
        "narHash": "sha256-AbScJXshYzbeUKHh+Y3OICc3iAtr+NqJ3Xb81GW+ptU=",
        "owner": "NixOS",
        "repo": "nixpkgs",
        "rev": "fd531dee22c9a3d4336cc2da39e8dd905e8f3de4",
        "type": "github"
      },
      "original": {
        "owner": "NixOS",
        "ref": "nixos-unstable",
        "repo": "nixpkgs",
        "type": "github"
      }
    },
    "nixpkgs_2": {
      "locked": {
        "lastModified": 1680758185,
        "narHash": "sha256-sCVWwfnk7zEX8Z+OItiH+pcSklrlsLZ4TJTtnxAYREw=",
        "owner": "NixOS",
        "repo": "nixpkgs",
        "rev": "0e19daa510e47a40e06257e205965f3b96ce0ac9",
        "type": "github"
      },
      "original": {
        "owner": "NixOS",
        "ref": "nixos-unstable",
        "repo": "nixpkgs",
        "type": "github"
      }
    },
    "root": {
      "inputs": {
        "backend": "backend",
        "flake-utils": "flake-utils_4",
        "nixpkgs": "nixpkgs_2"
      }
    },
    "rust-overlay": {
      "inputs": {
        "flake-utils": [
          "backend",
          "crane",
          "flake-utils"
        ],
        "nixpkgs": [
          "backend",
          "crane",
          "nixpkgs"
        ]
      },
      "locked": {
        "lastModified": 1680488274,
        "narHash": "sha256-0vYMrZDdokVmPQQXtFpnqA2wEgCCUXf5a3dDuDVshn0=",
        "owner": "oxalica",
        "repo": "rust-overlay",
        "rev": "7ec2ff598a172c6e8584457167575b3a1a5d80d8",
        "type": "github"
      },
      "original": {
        "owner": "oxalica",
        "repo": "rust-overlay",
        "type": "github"
      }
    },
    "systems": {
      "locked": {
        "lastModified": 1681028828,
        "narHash": "sha256-Vy1rq5AaRuLzOxct8nz4T6wlgyUR7zLU309k9mBC768=",
        "owner": "nix-systems",
        "repo": "default",
        "rev": "da67096a3b9bf56a91d16901293e51ba5b49a27e",
        "type": "github"
      },
      "original": {
        "owner": "nix-systems",
        "repo": "default",
        "type": "github"
      }
    }
  },
  "root": "root",
  "version": 7
}
